
Microsoft Visual Studio Solution File, Format Version 12.00
# Visual Studio 15
VisualStudioVersion = 15.0.26430.16
MinimumVisualStudioVersion = 10.0.40219.1
Project("{FAE04EC0-301F-11D3-BF4B-00C04F79EFBC}") = "TokikuNew", "TokikuNew\TokikuNew.csproj", "{3CCCCF98-429D-4051-9155-007F15A470F8}"
EndProject
Project("{2150E333-8FDC-42A3-9474-1A3956D46DE8}") = "Controllers", "Controllers", "{D14174F5-8581-4985-9873-7BC2A18B3E8E}"
EndProject
Project("{2150E333-8FDC-42A3-9474-1A3956D46DE8}") = "Entity", "Entity", "{2544CEC0-B05D-4BEA-A7A8-132355E7FFD9}"
EndProject
Project("{FAE04EC0-301F-11D3-BF4B-00C04F79EFBC}") = "Tokiku.Entity", "Tokiku.Entity\Tokiku.Entity.csproj", "{14CC904E-4A5C-401B-A7DB-DDB045ABB6DD}"
EndProject
Project("{FAE04EC0-301F-11D3-BF4B-00C04F79EFBC}") = "Tokiku.ViewModels", "Tokiku.ViewModels\Tokiku.ViewModels.csproj", "{F5811844-946B-4050-847A-7ED8B46EDBF5}"
EndProject
Project("{2150E333-8FDC-42A3-9474-1A3956D46DE8}") = "Framework", "Framework", "{3C70B272-C9FE-4711-86D5-0430513F1DBC}"
EndProject
Project("{FAE04EC0-301F-11D3-BF4B-00C04F79EFBC}") = "Tokiku.MVVM", "Tokiku.MVVM\Tokiku.MVVM.csproj", "{E58D7C44-2FEB-44C7-94BB-2B61A14687AA}"
EndProject
Project("{FAE04EC0-301F-11D3-BF4B-00C04F79EFBC}") = "Tokiku.DataServices", "Tokiku.DataServices\Tokiku.DataServices.csproj", "{D104BE69-4212-4D05-9D20-D241C8053402}"
EndProject
Global
	GlobalSection(SolutionConfigurationPlatforms) = preSolution
		Debug|Any CPU = Debug|Any CPU
		Release|Any CPU = Release|Any CPU
	EndGlobalSection
	GlobalSection(ProjectConfigurationPlatforms) = postSolution
		{3CCCCF98-429D-4051-9155-007F15A470F8}.Debug|Any CPU.ActiveCfg = Debug|Any CPU
		{3CCCCF98-429D-4051-9155-007F15A470F8}.Debug|Any CPU.Build.0 = Debug|Any CPU
		{3CCCCF98-429D-4051-9155-007F15A470F8}.Release|Any CPU.ActiveCfg = Release|Any CPU
		{3CCCCF98-429D-4051-9155-007F15A470F8}.Release|Any CPU.Build.0 = Release|Any CPU
		{14CC904E-4A5C-401B-A7DB-DDB045ABB6DD}.Debug|Any CPU.ActiveCfg = Debug|Any CPU
		{14CC904E-4A5C-401B-A7DB-DDB045ABB6DD}.Debug|Any CPU.Build.0 = Debug|Any CPU
		{14CC904E-4A5C-401B-A7DB-DDB045ABB6DD}.Release|Any CPU.ActiveCfg = Release|Any CPU
		{14CC904E-4A5C-401B-A7DB-DDB045ABB6DD}.Release|Any CPU.Build.0 = Release|Any CPU
		{F5811844-946B-4050-847A-7ED8B46EDBF5}.Debug|Any CPU.ActiveCfg = Debug|Any CPU
		{F5811844-946B-4050-847A-7ED8B46EDBF5}.Debug|Any CPU.Build.0 = Debug|Any CPU
		{F5811844-946B-4050-847A-7ED8B46EDBF5}.Release|Any CPU.ActiveCfg = Release|Any CPU
		{F5811844-946B-4050-847A-7ED8B46EDBF5}.Release|Any CPU.Build.0 = Release|Any CPU
		{E58D7C44-2FEB-44C7-94BB-2B61A14687AA}.Debug|Any CPU.ActiveCfg = Debug|Any CPU
		{E58D7C44-2FEB-44C7-94BB-2B61A14687AA}.Debug|Any CPU.Build.0 = Debug|Any CPU
		{E58D7C44-2FEB-44C7-94BB-2B61A14687AA}.Release|Any CPU.ActiveCfg = Release|Any CPU
		{E58D7C44-2FEB-44C7-94BB-2B61A14687AA}.Release|Any CPU.Build.0 = Release|Any CPU
		{D104BE69-4212-4D05-9D20-D241C8053402}.Debug|Any CPU.ActiveCfg = Debug|Any CPU
		{D104BE69-4212-4D05-9D20-D241C8053402}.Debug|Any CPU.Build.0 = Debug|Any CPU
		{D104BE69-4212-4D05-9D20-D241C8053402}.Release|Any CPU.ActiveCfg = Release|Any CPU
		{D104BE69-4212-4D05-9D20-D241C8053402}.Release|Any CPU.Build.0 = Release|Any CPU
	EndGlobalSection
	GlobalSection(SolutionProperties) = preSolution
		HideSolutionNode = FALSE
	EndGlobalSection
	GlobalSection(NestedProjects) = preSolution
		{14CC904E-4A5C-401B-A7DB-DDB045ABB6DD} = {2544CEC0-B05D-4BEA-A7A8-132355E7FFD9}
		{F5811844-946B-4050-847A-7ED8B46EDBF5} = {2544CEC0-B05D-4BEA-A7A8-132355E7FFD9}
		{E58D7C44-2FEB-44C7-94BB-2B61A14687AA} = {3C70B272-C9FE-4711-86D5-0430513F1DBC}
		{D104BE69-4212-4D05-9D20-D241C8053402} = {D14174F5-8581-4985-9873-7BC2A18B3E8E}
	EndGlobalSection
EndGlobal
